// !$*UTF8*$!
{
	archiveVersion = 1;
	classes = {
	};
	objectVersion = 46;
	objects = {

/* Begin PBXBuildFile section */
		AA0E900D219320FF00E00D97 /* HomeViewController.swift in Sources */ = {isa = PBXBuildFile; fileRef = AA0E900C219320FF00E00D97 /* HomeViewController.swift */; };
		AA49A3D2217E2F7400443BEF /* SettingTableViewController.swift in Sources */ = {isa = PBXBuildFile; fileRef = AA49A3D1217E2F7400443BEF /* SettingTableViewController.swift */; };
		AA52A39821A71F66005220CD /* MoveDatePopUp.swift in Sources */ = {isa = PBXBuildFile; fileRef = AA52A39721A71F66005220CD /* MoveDatePopUp.swift */; };
		AA5620A1217F229000928897 /* DetailTableViewController.swift in Sources */ = {isa = PBXBuildFile; fileRef = AA5620A0217F229000928897 /* DetailTableViewController.swift */; };
		AA5620A3217F3BF700928897 /* ShowNoticePopUp.swift in Sources */ = {isa = PBXBuildFile; fileRef = AA5620A2217F3BF700928897 /* ShowNoticePopUp.swift */; };
		AA56272A21B9A91B00CA8B66 /* DateExtension.swift in Sources */ = {isa = PBXBuildFile; fileRef = AA56272921B9A91B00CA8B66 /* DateExtension.swift */; };
		AA56272C21B9C71B00CA8B66 /* WVNotificationHelper.swift in Sources */ = {isa = PBXBuildFile; fileRef = AA56272B21B9C71B00CA8B66 /* WVNotificationHelper.swift */; };
		AA761157219EF3A800864930 /* SearchTableViewController.swift in Sources */ = {isa = PBXBuildFile; fileRef = AA761156219EF3A800864930 /* SearchTableViewController.swift */; };
		AA76115B219EF95000864930 /* SearchManager.swift in Sources */ = {isa = PBXBuildFile; fileRef = AA76115A219EF95000864930 /* SearchManager.swift */; };
		AA7936F9219037A300AB105F /* DateHelper.swift in Sources */ = {isa = PBXBuildFile; fileRef = AA7936F8219037A300AB105F /* DateHelper.swift */; };
		AA9AFEF521F090EF005F7961 /* ExtendableToolbar.swift in Sources */ = {isa = PBXBuildFile; fileRef = AA9AFEF421F090EF005F7961 /* ExtendableToolbar.swift */; };
		AA9C7D94217F56E2006F87A6 /* EditTableViewController.swift in Sources */ = {isa = PBXBuildFile; fileRef = AA9C7D93217F56E2006F87A6 /* EditTableViewController.swift */; };
		AAB4F4E321F75AEE00A3D994 /* sampleReminders.swift in Sources */ = {isa = PBXBuildFile; fileRef = AAB4F4E221F75AEE00A3D994 /* sampleReminders.swift */; };
		AAB53BA4218315F800A881A6 /* MapViewController.swift in Sources */ = {isa = PBXBuildFile; fileRef = AAB53BA3218315F800A881A6 /* MapViewController.swift */; };
		AAB8A6D92189D726003F0F3F /* ColorModeSetViewController.swift in Sources */ = {isa = PBXBuildFile; fileRef = AAB8A6D82189D726003F0F3F /* ColorModeSetViewController.swift */; };
		AAB8A6DC2189E620003F0F3F /* ReminderManager.swift in Sources */ = {isa = PBXBuildFile; fileRef = AAB8A6DB2189E620003F0F3F /* ReminderManager.swift */; };
		AABC3F7921AD7E2500354F20 /* AuthorizationManager.swift in Sources */ = {isa = PBXBuildFile; fileRef = AABC3F7821AD7E2500354F20 /* AuthorizationManager.swift */; };
		AABC3F7B21AD8EC600354F20 /* nLocation.swift in Sources */ = {isa = PBXBuildFile; fileRef = AABC3F7A21AD8EC600354F20 /* nLocation.swift */; };
		AABFF691218847EE00B7A3EA /* MapModeSetTableViewController.swift in Sources */ = {isa = PBXBuildFile; fileRef = AABFF690218847EE00B7A3EA /* MapModeSetTableViewController.swift */; };
		AABFF6972188718600B7A3EA /* Colors.swift in Sources */ = {isa = PBXBuildFile; fileRef = AABFF6962188718600B7A3EA /* Colors.swift */; };
		AACC54A721A81963001761F1 /* RViewControllerProtocol.swift in Sources */ = {isa = PBXBuildFile; fileRef = AACC54A621A81963001761F1 /* RViewControllerProtocol.swift */; };
		AACC54AB21A81B81001761F1 /* LocationViewControllerDelegate.swift in Sources */ = {isa = PBXBuildFile; fileRef = AACC54AA21A81B81001761F1 /* LocationViewControllerDelegate.swift */; };
		AACC54AD21A81BB7001761F1 /* ScrollingDelegate.swift in Sources */ = {isa = PBXBuildFile; fileRef = AACC54AC21A81BB7001761F1 /* ScrollingDelegate.swift */; };
		AACC54AF21A81BDE001761F1 /* MoveDateDelegate.swift in Sources */ = {isa = PBXBuildFile; fileRef = AACC54AE21A81BDE001761F1 /* MoveDateDelegate.swift */; };
		AACC54B221A82624001761F1 /* UIViewExtension.swift in Sources */ = {isa = PBXBuildFile; fileRef = AACC54B121A82624001761F1 /* UIViewExtension.swift */; };
		AACC54B421A82644001761F1 /* UIColorExtension.swift in Sources */ = {isa = PBXBuildFile; fileRef = AACC54B321A82644001761F1 /* UIColorExtension.swift */; };
		AACC54B621A82668001761F1 /* StringExtension.swift in Sources */ = {isa = PBXBuildFile; fileRef = AACC54B521A82668001761F1 /* StringExtension.swift */; };
		C2C9959EA68F4798E3D8CCD5 /* Pods_WeekviewTests.framework in Frameworks */ = {isa = PBXBuildFile; fileRef = A1DFDC1E95C1D88B15A1DF5D /* Pods_WeekviewTests.framework */; };
		D8CAD846A045D2ECD65E5F1A /* Pods_Weekview.framework in Frameworks */ = {isa = PBXBuildFile; fileRef = 4DC42B78752C1576B970FE78 /* Pods_Weekview.framework */; settings = {ATTRIBUTES = (Required, ); }; };
		F123B07E1FDA956F008C29B1 /* ShowLocationPopUp.swift in Sources */ = {isa = PBXBuildFile; fileRef = F123B07D1FDA956F008C29B1 /* ShowLocationPopUp.swift */; };
		F128065F1FBD870B0036780E /* HelpWebViewController.swift in Sources */ = {isa = PBXBuildFile; fileRef = F128065E1FBD870B0036780E /* HelpWebViewController.swift */; };
		F12806611FBD97980036780E /* MapKit.framework in Frameworks */ = {isa = PBXBuildFile; fileRef = F12806601FBD97980036780E /* MapKit.framework */; };
		F12806631FBD99180036780E /* LocationManager.swift in Sources */ = {isa = PBXBuildFile; fileRef = F12806621FBD99180036780E /* LocationManager.swift */; };
		F12806651FBD9AB40036780E /* LocationViewController.swift in Sources */ = {isa = PBXBuildFile; fileRef = F12806641FBD9AB40036780E /* LocationViewController.swift */; };
		F138F2671FCC3E72009BF613 /* NotificationController.swift in Sources */ = {isa = PBXBuildFile; fileRef = F138F2661FCC3E72009BF613 /* NotificationController.swift */; };
		F13DB21C1FB0AC4800E3DFAE /* PriorityHelper.swift in Sources */ = {isa = PBXBuildFile; fileRef = F13DB21B1FB0AC4800E3DFAE /* PriorityHelper.swift */; };
		F1421BAC1F692FC40072DA31 /* ReminderTableViewCell.swift in Sources */ = {isa = PBXBuildFile; fileRef = F1421BAB1F692FC40072DA31 /* ReminderTableViewCell.swift */; };
		F14801AF1FEBED4B008E7C2D /* ScrollingCell.swift in Sources */ = {isa = PBXBuildFile; fileRef = F14801AE1FEBED4B008E7C2D /* ScrollingCell.swift */; };
		F1733B471FBAEC33009B5243 /* Settings.swift in Sources */ = {isa = PBXBuildFile; fileRef = F1733B461FBAEC33009B5243 /* Settings.swift */; };
		F17BAFD71F987DBB00B6E612 /* RemindCollectionCell.swift in Sources */ = {isa = PBXBuildFile; fileRef = F17BAFD61F987DBB00B6E612 /* RemindCollectionCell.swift */; };
		F197A3FB1FC2DD7100B316AD /* Main.storyboard in Resources */ = {isa = PBXBuildFile; fileRef = F197A3FA1FC2DD7100B316AD /* Main.storyboard */; };
		F19C0C5E1FE005A500A46F33 /* ScrollingPopUp.swift in Sources */ = {isa = PBXBuildFile; fileRef = F19C0C5D1FE005A500A46F33 /* ScrollingPopUp.swift */; };
		F1A700701FC46921008A961D /* Location.swift in Sources */ = {isa = PBXBuildFile; fileRef = F1A7006F1FC46921008A961D /* Location.swift */; };
		F1E78ED41F5E92C600FDDDFA /* AppDelegate.swift in Sources */ = {isa = PBXBuildFile; fileRef = F1E78ED31F5E92C600FDDDFA /* AppDelegate.swift */; };
		F1E78EDB1F5E92C600FDDDFA /* Assets.xcassets in Resources */ = {isa = PBXBuildFile; fileRef = F1E78EDA1F5E92C600FDDDFA /* Assets.xcassets */; };
		F1E78EDE1F5E92C600FDDDFA /* LaunchScreen.storyboard in Resources */ = {isa = PBXBuildFile; fileRef = F1E78EDC1F5E92C600FDDDFA /* LaunchScreen.storyboard */; };
		F1E78EE91F5E92C600FDDDFA /* WeekviewTests.swift in Sources */ = {isa = PBXBuildFile; fileRef = F1E78EE81F5E92C600FDDDFA /* WeekviewTests.swift */; };
		F1EA38AB1F6801A3002A38B2 /* Reminder.swift in Sources */ = {isa = PBXBuildFile; fileRef = F1EA38AA1F6801A3002A38B2 /* Reminder.swift */; };
/* End PBXBuildFile section */

/* Begin PBXContainerItemProxy section */
		F1E78EE51F5E92C600FDDDFA /* PBXContainerItemProxy */ = {
			isa = PBXContainerItemProxy;
			containerPortal = F1E78EC81F5E92C600FDDDFA /* Project object */;
			proxyType = 1;
			remoteGlobalIDString = F1E78ECF1F5E92C600FDDDFA;
			remoteInfo = Weekview;
		};
/* End PBXContainerItemProxy section */

/* Begin PBXCopyFilesBuildPhase section */
		F131D3FC1FD0535600E6C52A /* Embed App Extensions */ = {
			isa = PBXCopyFilesBuildPhase;
			buildActionMask = 2147483647;
			dstPath = "";
			dstSubfolderSpec = 13;
			files = (
			);
			name = "Embed App Extensions";
			runOnlyForDeploymentPostprocessing = 0;
		};
/* End PBXCopyFilesBuildPhase section */

/* Begin PBXFileReference section */
		030484608EAFF1F7940C8131 /* Pods-Weekview.debug.xcconfig */ = {isa = PBXFileReference; includeInIndex = 1; lastKnownFileType = text.xcconfig; name = "Pods-Weekview.debug.xcconfig"; path = "Pods/Target Support Files/Pods-Weekview/Pods-Weekview.debug.xcconfig"; sourceTree = "<group>"; };
		390D1A4196EA784C0C9425A4 /* Pods-Weekview.release.xcconfig */ = {isa = PBXFileReference; includeInIndex = 1; lastKnownFileType = text.xcconfig; name = "Pods-Weekview.release.xcconfig"; path = "Pods/Target Support Files/Pods-Weekview/Pods-Weekview.release.xcconfig"; sourceTree = "<group>"; };
		3D4BC2E595B7BAA26305B5C4 /* Pods-WeekviewTests.release.xcconfig */ = {isa = PBXFileReference; includeInIndex = 1; lastKnownFileType = text.xcconfig; name = "Pods-WeekviewTests.release.xcconfig"; path = "Pods/Target Support Files/Pods-WeekviewTests/Pods-WeekviewTests.release.xcconfig"; sourceTree = "<group>"; };
		4AABB0A2C21E89C07741F0D4 /* Pods-WeekviewTests.debug.xcconfig */ = {isa = PBXFileReference; includeInIndex = 1; lastKnownFileType = text.xcconfig; name = "Pods-WeekviewTests.debug.xcconfig"; path = "Pods/Target Support Files/Pods-WeekviewTests/Pods-WeekviewTests.debug.xcconfig"; sourceTree = "<group>"; };
		4DC42B78752C1576B970FE78 /* Pods_Weekview.framework */ = {isa = PBXFileReference; explicitFileType = wrapper.framework; includeInIndex = 0; path = Pods_Weekview.framework; sourceTree = BUILT_PRODUCTS_DIR; };
		A1DFDC1E95C1D88B15A1DF5D /* Pods_WeekviewTests.framework */ = {isa = PBXFileReference; explicitFileType = wrapper.framework; includeInIndex = 0; path = Pods_WeekviewTests.framework; sourceTree = BUILT_PRODUCTS_DIR; };
		AA0E900C219320FF00E00D97 /* HomeViewController.swift */ = {isa = PBXFileReference; lastKnownFileType = sourcecode.swift; path = HomeViewController.swift; sourceTree = "<group>"; };
		AA49A3D1217E2F7400443BEF /* SettingTableViewController.swift */ = {isa = PBXFileReference; lastKnownFileType = sourcecode.swift; name = SettingTableViewController.swift; path = Weekview/Settings/SettingTableViewController.swift; sourceTree = SOURCE_ROOT; };
		AA52A39721A71F66005220CD /* MoveDatePopUp.swift */ = {isa = PBXFileReference; lastKnownFileType = sourcecode.swift; path = MoveDatePopUp.swift; sourceTree = "<group>"; };
		AA5620A0217F229000928897 /* DetailTableViewController.swift */ = {isa = PBXFileReference; lastKnownFileType = sourcecode.swift; path = DetailTableViewController.swift; sourceTree = "<group>"; };
		AA5620A2217F3BF700928897 /* ShowNoticePopUp.swift */ = {isa = PBXFileReference; lastKnownFileType = sourcecode.swift; path = ShowNoticePopUp.swift; sourceTree = "<group>"; };
		AA56272921B9A91B00CA8B66 /* DateExtension.swift */ = {isa = PBXFileReference; lastKnownFileType = sourcecode.swift; path = DateExtension.swift; sourceTree = "<group>"; };
		AA56272B21B9C71B00CA8B66 /* WVNotificationHelper.swift */ = {isa = PBXFileReference; lastKnownFileType = sourcecode.swift; path = WVNotificationHelper.swift; sourceTree = "<group>"; };
		AA761156219EF3A800864930 /* SearchTableViewController.swift */ = {isa = PBXFileReference; lastKnownFileType = sourcecode.swift; path = SearchTableViewController.swift; sourceTree = "<group>"; };
		AA76115A219EF95000864930 /* SearchManager.swift */ = {isa = PBXFileReference; lastKnownFileType = sourcecode.swift; path = SearchManager.swift; sourceTree = "<group>"; };
		AA7936F8219037A300AB105F /* DateHelper.swift */ = {isa = PBXFileReference; lastKnownFileType = sourcecode.swift; path = DateHelper.swift; sourceTree = "<group>"; };
		AA9AFEF421F090EF005F7961 /* ExtendableToolbar.swift */ = {isa = PBXFileReference; lastKnownFileType = sourcecode.swift; path = ExtendableToolbar.swift; sourceTree = "<group>"; };
		AA9C7D93217F56E2006F87A6 /* EditTableViewController.swift */ = {isa = PBXFileReference; lastKnownFileType = sourcecode.swift; path = EditTableViewController.swift; sourceTree = "<group>"; };
		AAB4F4E221F75AEE00A3D994 /* sampleReminders.swift */ = {isa = PBXFileReference; lastKnownFileType = sourcecode.swift; path = sampleReminders.swift; sourceTree = "<group>"; };
		AAB53BA3218315F800A881A6 /* MapViewController.swift */ = {isa = PBXFileReference; lastKnownFileType = sourcecode.swift; path = MapViewController.swift; sourceTree = "<group>"; };
		AAB8A6D82189D726003F0F3F /* ColorModeSetViewController.swift */ = {isa = PBXFileReference; lastKnownFileType = sourcecode.swift; path = ColorModeSetViewController.swift; sourceTree = "<group>"; };
		AAB8A6DB2189E620003F0F3F /* ReminderManager.swift */ = {isa = PBXFileReference; lastKnownFileType = sourcecode.swift; path = ReminderManager.swift; sourceTree = "<group>"; };
		AABC3F7821AD7E2500354F20 /* AuthorizationManager.swift */ = {isa = PBXFileReference; lastKnownFileType = sourcecode.swift; path = AuthorizationManager.swift; sourceTree = "<group>"; };
		AABC3F7A21AD8EC600354F20 /* nLocation.swift */ = {isa = PBXFileReference; lastKnownFileType = sourcecode.swift; path = nLocation.swift; sourceTree = "<group>"; };
		AABFF690218847EE00B7A3EA /* MapModeSetTableViewController.swift */ = {isa = PBXFileReference; lastKnownFileType = sourcecode.swift; path = MapModeSetTableViewController.swift; sourceTree = "<group>"; };
		AABFF6962188718600B7A3EA /* Colors.swift */ = {isa = PBXFileReference; lastKnownFileType = sourcecode.swift; path = Colors.swift; sourceTree = "<group>"; };
		AACC54A621A81963001761F1 /* RViewControllerProtocol.swift */ = {isa = PBXFileReference; lastKnownFileType = sourcecode.swift; path = RViewControllerProtocol.swift; sourceTree = "<group>"; };
		AACC54AA21A81B81001761F1 /* LocationViewControllerDelegate.swift */ = {isa = PBXFileReference; lastKnownFileType = sourcecode.swift; path = LocationViewControllerDelegate.swift; sourceTree = "<group>"; };
		AACC54AC21A81BB7001761F1 /* ScrollingDelegate.swift */ = {isa = PBXFileReference; lastKnownFileType = sourcecode.swift; path = ScrollingDelegate.swift; sourceTree = "<group>"; };
		AACC54AE21A81BDE001761F1 /* MoveDateDelegate.swift */ = {isa = PBXFileReference; lastKnownFileType = sourcecode.swift; path = MoveDateDelegate.swift; sourceTree = "<group>"; };
		AACC54B121A82624001761F1 /* UIViewExtension.swift */ = {isa = PBXFileReference; lastKnownFileType = sourcecode.swift; path = UIViewExtension.swift; sourceTree = "<group>"; };
		AACC54B321A82644001761F1 /* UIColorExtension.swift */ = {isa = PBXFileReference; lastKnownFileType = sourcecode.swift; path = UIColorExtension.swift; sourceTree = "<group>"; };
		AACC54B521A82668001761F1 /* StringExtension.swift */ = {isa = PBXFileReference; lastKnownFileType = sourcecode.swift; path = StringExtension.swift; sourceTree = "<group>"; };
		F123B07D1FDA956F008C29B1 /* ShowLocationPopUp.swift */ = {isa = PBXFileReference; lastKnownFileType = sourcecode.swift; path = ShowLocationPopUp.swift; sourceTree = "<group>"; };
		F128065E1FBD870B0036780E /* HelpWebViewController.swift */ = {isa = PBXFileReference; lastKnownFileType = sourcecode.swift; path = HelpWebViewController.swift; sourceTree = "<group>"; };
		F12806601FBD97980036780E /* MapKit.framework */ = {isa = PBXFileReference; lastKnownFileType = wrapper.framework; name = MapKit.framework; path = System/Library/Frameworks/MapKit.framework; sourceTree = SDKROOT; };
		F12806621FBD99180036780E /* LocationManager.swift */ = {isa = PBXFileReference; fileEncoding = 4; lastKnownFileType = sourcecode.swift; path = LocationManager.swift; sourceTree = "<group>"; };
		F12806641FBD9AB40036780E /* LocationViewController.swift */ = {isa = PBXFileReference; lastKnownFileType = sourcecode.swift; path = LocationViewController.swift; sourceTree = "<group>"; };
		F131D4021FD0540900E6C52A /* UserNotifications.framework */ = {isa = PBXFileReference; lastKnownFileType = wrapper.framework; name = UserNotifications.framework; path = System/Library/Frameworks/UserNotifications.framework; sourceTree = SDKROOT; };
		F131D4041FD0540900E6C52A /* UserNotificationsUI.framework */ = {isa = PBXFileReference; lastKnownFileType = wrapper.framework; name = UserNotificationsUI.framework; path = System/Library/Frameworks/UserNotificationsUI.framework; sourceTree = SDKROOT; };
		F138F2661FCC3E72009BF613 /* NotificationController.swift */ = {isa = PBXFileReference; lastKnownFileType = sourcecode.swift; path = NotificationController.swift; sourceTree = "<group>"; };
		F13DB21B1FB0AC4800E3DFAE /* PriorityHelper.swift */ = {isa = PBXFileReference; lastKnownFileType = sourcecode.swift; path = PriorityHelper.swift; sourceTree = "<group>"; };
		F1421BAB1F692FC40072DA31 /* ReminderTableViewCell.swift */ = {isa = PBXFileReference; fileEncoding = 4; lastKnownFileType = sourcecode.swift; path = ReminderTableViewCell.swift; sourceTree = "<group>"; };
		F14801AE1FEBED4B008E7C2D /* ScrollingCell.swift */ = {isa = PBXFileReference; lastKnownFileType = sourcecode.swift; path = ScrollingCell.swift; sourceTree = "<group>"; };
		F1733B461FBAEC33009B5243 /* Settings.swift */ = {isa = PBXFileReference; lastKnownFileType = sourcecode.swift; path = Settings.swift; sourceTree = "<group>"; };
		F17BAFD61F987DBB00B6E612 /* RemindCollectionCell.swift */ = {isa = PBXFileReference; lastKnownFileType = sourcecode.swift; path = RemindCollectionCell.swift; sourceTree = "<group>"; };
		F197A3FA1FC2DD7100B316AD /* Main.storyboard */ = {isa = PBXFileReference; fileEncoding = 4; lastKnownFileType = file.storyboard; path = Main.storyboard; sourceTree = "<group>"; };
		F19C0C5D1FE005A500A46F33 /* ScrollingPopUp.swift */ = {isa = PBXFileReference; lastKnownFileType = sourcecode.swift; path = ScrollingPopUp.swift; sourceTree = "<group>"; };
		F1A7006F1FC46921008A961D /* Location.swift */ = {isa = PBXFileReference; lastKnownFileType = sourcecode.swift; path = Location.swift; sourceTree = "<group>"; };
		F1E78ED01F5E92C600FDDDFA /* Weekview.app */ = {isa = PBXFileReference; explicitFileType = wrapper.application; includeInIndex = 0; path = Weekview.app; sourceTree = BUILT_PRODUCTS_DIR; };
		F1E78ED31F5E92C600FDDDFA /* AppDelegate.swift */ = {isa = PBXFileReference; lastKnownFileType = sourcecode.swift; path = AppDelegate.swift; sourceTree = "<group>"; };
		F1E78EDA1F5E92C600FDDDFA /* Assets.xcassets */ = {isa = PBXFileReference; lastKnownFileType = folder.assetcatalog; path = Assets.xcassets; sourceTree = "<group>"; };
		F1E78EDD1F5E92C600FDDDFA /* Base */ = {isa = PBXFileReference; lastKnownFileType = file.storyboard; name = Base; path = Base.lproj/LaunchScreen.storyboard; sourceTree = "<group>"; };
		F1E78EDF1F5E92C600FDDDFA /* Info.plist */ = {isa = PBXFileReference; lastKnownFileType = text.plist.xml; path = Info.plist; sourceTree = "<group>"; };
		F1E78EE41F5E92C600FDDDFA /* WeekviewTests.xctest */ = {isa = PBXFileReference; explicitFileType = wrapper.cfbundle; includeInIndex = 0; path = WeekviewTests.xctest; sourceTree = BUILT_PRODUCTS_DIR; };
		F1E78EE81F5E92C600FDDDFA /* WeekviewTests.swift */ = {isa = PBXFileReference; lastKnownFileType = sourcecode.swift; path = WeekviewTests.swift; sourceTree = "<group>"; };
		F1E78EEA1F5E92C600FDDDFA /* Info.plist */ = {isa = PBXFileReference; lastKnownFileType = text.plist.xml; path = Info.plist; sourceTree = "<group>"; };
		F1EA38AA1F6801A3002A38B2 /* Reminder.swift */ = {isa = PBXFileReference; fileEncoding = 4; lastKnownFileType = sourcecode.swift; path = Reminder.swift; sourceTree = "<group>"; };
/* End PBXFileReference section */

/* Begin PBXFrameworksBuildPhase section */
		F1E78ECD1F5E92C600FDDDFA /* Frameworks */ = {
			isa = PBXFrameworksBuildPhase;
			buildActionMask = 2147483647;
			files = (
				F12806611FBD97980036780E /* MapKit.framework in Frameworks */,
				D8CAD846A045D2ECD65E5F1A /* Pods_Weekview.framework in Frameworks */,
			);
			runOnlyForDeploymentPostprocessing = 0;
		};
		F1E78EE11F5E92C600FDDDFA /* Frameworks */ = {
			isa = PBXFrameworksBuildPhase;
			buildActionMask = 2147483647;
			files = (
				C2C9959EA68F4798E3D8CCD5 /* Pods_WeekviewTests.framework in Frameworks */,
			);
			runOnlyForDeploymentPostprocessing = 0;
		};
/* End PBXFrameworksBuildPhase section */

/* Begin PBXGroup section */
		20AA54A78EF558FD5409DB72 /* Pods */ = {
			isa = PBXGroup;
			children = (
				030484608EAFF1F7940C8131 /* Pods-Weekview.debug.xcconfig */,
				390D1A4196EA784C0C9425A4 /* Pods-Weekview.release.xcconfig */,
				4AABB0A2C21E89C07741F0D4 /* Pods-WeekviewTests.debug.xcconfig */,
				3D4BC2E595B7BAA26305B5C4 /* Pods-WeekviewTests.release.xcconfig */,
			);
			name = Pods;
			sourceTree = "<group>";
		};
		AA52A38B21A7064E005220CD /* Edit & Detail */ = {
			isa = PBXGroup;
			children = (
				AA5620A0217F229000928897 /* DetailTableViewController.swift */,
				AA9C7D93217F56E2006F87A6 /* EditTableViewController.swift */,
				AA52A39221A707A4005220CD /* PopUp */,
			);
			path = "Edit & Detail";
			sourceTree = "<group>";
		};
		AA52A38C21A706E7005220CD /* Map */ = {
			isa = PBXGroup;
			children = (
				AA9AFEF321F09068005F7961 /* Modify Classes */,
				F12806641FBD9AB40036780E /* LocationViewController.swift */,
				F123B07D1FDA956F008C29B1 /* ShowLocationPopUp.swift */,
				AAB53BA3218315F800A881A6 /* MapViewController.swift */,
			);
			path = Map;
			sourceTree = "<group>";
		};
		AA52A38D21A70720005220CD /* PopUp */ = {
			isa = PBXGroup;
			children = (
				F19C0C5D1FE005A500A46F33 /* ScrollingPopUp.swift */,
				AA52A39721A71F66005220CD /* MoveDatePopUp.swift */,
			);
			path = PopUp;
			sourceTree = "<group>";
		};
		AA52A38E21A70735005220CD /* Objects */ = {
			isa = PBXGroup;
			children = (
				F1733B461FBAEC33009B5243 /* Settings.swift */,
				F1EA38AA1F6801A3002A38B2 /* Reminder.swift */,
				F1A7006F1FC46921008A961D /* Location.swift */,
				AABC3F7A21AD8EC600354F20 /* nLocation.swift */,
			);
			path = Objects;
			sourceTree = "<group>";
		};
		AA52A38F21A7075C005220CD /* Help */ = {
			isa = PBXGroup;
			children = (
				F128065E1FBD870B0036780E /* HelpWebViewController.swift */,
			);
			path = Help;
			sourceTree = "<group>";
		};
		AA52A39021A7076C005220CD /* Colors */ = {
			isa = PBXGroup;
			children = (
				AAB8A6D82189D726003F0F3F /* ColorModeSetViewController.swift */,
			);
			path = Colors;
			sourceTree = "<group>";
		};
		AA52A39121A7078A005220CD /* Map */ = {
			isa = PBXGroup;
			children = (
				AABFF690218847EE00B7A3EA /* MapModeSetTableViewController.swift */,
			);
			path = Map;
			sourceTree = "<group>";
		};
		AA52A39221A707A4005220CD /* PopUp */ = {
			isa = PBXGroup;
			children = (
				AA5620A2217F3BF700928897 /* ShowNoticePopUp.swift */,
			);
			path = PopUp;
			sourceTree = "<group>";
		};
		AA52A39321A707F0005220CD /* Global */ = {
			isa = PBXGroup;
			children = (
				AA52A39521A70810005220CD /* Managers */,
				AACC54A421A8190B001761F1 /* Protocols */,
				AACC54B021A8260D001761F1 /* Extensions */,
				AA52A39621A70833005220CD /* Helper */,
				AA52A38E21A70735005220CD /* Objects */,
				F138F2631FCC3D52009BF613 /* Cells */,
				AABFF6962188718600B7A3EA /* Colors.swift */,
				AAB4F4E221F75AEE00A3D994 /* sampleReminders.swift */,
			);
			path = Global;
			sourceTree = "<group>";
		};
		AA52A39521A70810005220CD /* Managers */ = {
			isa = PBXGroup;
			children = (
				F138F2661FCC3E72009BF613 /* NotificationController.swift */,
				F12806621FBD99180036780E /* LocationManager.swift */,
				AAB8A6DB2189E620003F0F3F /* ReminderManager.swift */,
				AABC3F7821AD7E2500354F20 /* AuthorizationManager.swift */,
			);
			path = Managers;
			sourceTree = "<group>";
		};
		AA52A39621A70833005220CD /* Helper */ = {
			isa = PBXGroup;
			children = (
				AA7936F8219037A300AB105F /* DateHelper.swift */,
				F13DB21B1FB0AC4800E3DFAE /* PriorityHelper.swift */,
				AA56272B21B9C71B00CA8B66 /* WVNotificationHelper.swift */,
			);
			path = Helper;
			sourceTree = "<group>";
		};
		AA761155219EF38B00864930 /* Search */ = {
			isa = PBXGroup;
			children = (
				AA76115A219EF95000864930 /* SearchManager.swift */,
				AA761156219EF3A800864930 /* SearchTableViewController.swift */,
			);
			path = Search;
			sourceTree = "<group>";
		};
		AA9AFEF321F09068005F7961 /* Modify Classes */ = {
			isa = PBXGroup;
			children = (
				AA9AFEF421F090EF005F7961 /* ExtendableToolbar.swift */,
			);
			path = "Modify Classes";
			sourceTree = "<group>";
		};
		AAB8A6DA2189E3D7003F0F3F /* Reminders & Calendar */ = {
			isa = PBXGroup;
			children = (
				AA0E900C219320FF00E00D97 /* HomeViewController.swift */,
				AA52A38D21A70720005220CD /* PopUp */,
			);
			path = "Reminders & Calendar";
			sourceTree = "<group>";
		};
		AABFF68F218847B300B7A3EA /* Settings */ = {
			isa = PBXGroup;
			children = (
				AA49A3D1217E2F7400443BEF /* SettingTableViewController.swift */,
				AA52A39021A7076C005220CD /* Colors */,
				AA52A39121A7078A005220CD /* Map */,
				AA52A38F21A7075C005220CD /* Help */,
			);
			path = Settings;
			sourceTree = "<group>";
		};
		AACC54A421A8190B001761F1 /* Protocols */ = {
			isa = PBXGroup;
			children = (
				AACC54A621A81963001761F1 /* RViewControllerProtocol.swift */,
				AACC54AA21A81B81001761F1 /* LocationViewControllerDelegate.swift */,
				AACC54AC21A81BB7001761F1 /* ScrollingDelegate.swift */,
				AACC54AE21A81BDE001761F1 /* MoveDateDelegate.swift */,
			);
			path = Protocols;
			sourceTree = "<group>";
		};
		AACC54B021A8260D001761F1 /* Extensions */ = {
			isa = PBXGroup;
			children = (
				AACC54B121A82624001761F1 /* UIViewExtension.swift */,
				AACC54B321A82644001761F1 /* UIColorExtension.swift */,
				AACC54B521A82668001761F1 /* StringExtension.swift */,
				AA56272921B9A91B00CA8B66 /* DateExtension.swift */,
			);
			path = Extensions;
			sourceTree = "<group>";
		};
		F138F2631FCC3D52009BF613 /* Cells */ = {
			isa = PBXGroup;
			children = (
				F1421BAB1F692FC40072DA31 /* ReminderTableViewCell.swift */,
				F17BAFD61F987DBB00B6E612 /* RemindCollectionCell.swift */,
				F14801AE1FEBED4B008E7C2D /* ScrollingCell.swift */,
			);
			path = Cells;
			sourceTree = "<group>";
		};
		F1E78EC71F5E92C600FDDDFA = {
			isa = PBXGroup;
			children = (
				F1E78ED21F5E92C600FDDDFA /* Weekview */,
				F1E78EE71F5E92C600FDDDFA /* WeekviewTests */,
				F1E78ED11F5E92C600FDDDFA /* Products */,
				20AA54A78EF558FD5409DB72 /* Pods */,
				FDEEC8C0C0C52A1047A17C64 /* Frameworks */,
			);
			sourceTree = "<group>";
		};
		F1E78ED11F5E92C600FDDDFA /* Products */ = {
			isa = PBXGroup;
			children = (
				F1E78ED01F5E92C600FDDDFA /* Weekview.app */,
				F1E78EE41F5E92C600FDDDFA /* WeekviewTests.xctest */,
			);
			name = Products;
			sourceTree = "<group>";
		};
		F1E78ED21F5E92C600FDDDFA /* Weekview */ = {
			isa = PBXGroup;
			children = (
				F1E78ED31F5E92C600FDDDFA /* AppDelegate.swift */,
				AAB8A6DA2189E3D7003F0F3F /* Reminders & Calendar */,
				AABFF68F218847B300B7A3EA /* Settings */,
				AA52A38B21A7064E005220CD /* Edit & Detail */,
				AA761155219EF38B00864930 /* Search */,
				AA52A38C21A706E7005220CD /* Map */,
				AA52A39321A707F0005220CD /* Global */,
				F197A3FA1FC2DD7100B316AD /* Main.storyboard */,
				F1E78EDC1F5E92C600FDDDFA /* LaunchScreen.storyboard */,
				F1E78EDA1F5E92C600FDDDFA /* Assets.xcassets */,
				F1E78EDF1F5E92C600FDDDFA /* Info.plist */,
			);
			path = Weekview;
			sourceTree = "<group>";
		};
		F1E78EE71F5E92C600FDDDFA /* WeekviewTests */ = {
			isa = PBXGroup;
			children = (
				F1E78EE81F5E92C600FDDDFA /* WeekviewTests.swift */,
				F1E78EEA1F5E92C600FDDDFA /* Info.plist */,
			);
			path = WeekviewTests;
			sourceTree = "<group>";
		};
		FDEEC8C0C0C52A1047A17C64 /* Frameworks */ = {
			isa = PBXGroup;
			children = (
				F12806601FBD97980036780E /* MapKit.framework */,
				4DC42B78752C1576B970FE78 /* Pods_Weekview.framework */,
				A1DFDC1E95C1D88B15A1DF5D /* Pods_WeekviewTests.framework */,
				F131D4021FD0540900E6C52A /* UserNotifications.framework */,
				F131D4041FD0540900E6C52A /* UserNotificationsUI.framework */,
			);
			name = Frameworks;
			sourceTree = "<group>";
		};
/* End PBXGroup section */

/* Begin PBXNativeTarget section */
		F1E78ECF1F5E92C600FDDDFA /* Weekview */ = {
			isa = PBXNativeTarget;
			buildConfigurationList = F1E78EED1F5E92C600FDDDFA /* Build configuration list for PBXNativeTarget "Weekview" */;
			buildPhases = (
				CC67A909470E2622609FA5BD /* [CP] Check Pods Manifest.lock */,
				F1E78ECC1F5E92C600FDDDFA /* Sources */,
				F1E78ECD1F5E92C600FDDDFA /* Frameworks */,
				F1E78ECE1F5E92C600FDDDFA /* Resources */,
				5F89AF41E892469E06C7519E /* [CP] Embed Pods Frameworks */,
				67DADB7466B1F1D61F9CB1AF /* [CP] Copy Pods Resources */,
				F131D3FC1FD0535600E6C52A /* Embed App Extensions */,
				F1B1AC961FECF92F007B1E46 /* ShellScript */,
			);
			buildRules = (
			);
			dependencies = (
			);
			name = Weekview;
			productName = Weekview;
			productReference = F1E78ED01F5E92C600FDDDFA /* Weekview.app */;
			productType = "com.apple.product-type.application";
		};
		F1E78EE31F5E92C600FDDDFA /* WeekviewTests */ = {
			isa = PBXNativeTarget;
			buildConfigurationList = F1E78EF01F5E92C600FDDDFA /* Build configuration list for PBXNativeTarget "WeekviewTests" */;
			buildPhases = (
				9A167BEF5C3FC3355044F74A /* [CP] Check Pods Manifest.lock */,
				F1E78EE01F5E92C600FDDDFA /* Sources */,
				F1E78EE11F5E92C600FDDDFA /* Frameworks */,
				F1E78EE21F5E92C600FDDDFA /* Resources */,
			);
			buildRules = (
			);
			dependencies = (
				F1E78EE61F5E92C600FDDDFA /* PBXTargetDependency */,
			);
			name = WeekviewTests;
			productName = WeekviewTests;
			productReference = F1E78EE41F5E92C600FDDDFA /* WeekviewTests.xctest */;
			productType = "com.apple.product-type.bundle.unit-test";
		};
/* End PBXNativeTarget section */

/* Begin PBXProject section */
		F1E78EC81F5E92C600FDDDFA /* Project object */ = {
			isa = PBXProject;
			attributes = {
				LastSwiftUpdateCheck = 0910;
				LastUpgradeCheck = 1000;
				ORGANIZATIONNAME = "Kaufland Informationssysteme GmbH & Co. KG";
				TargetAttributes = {
					F1E78ECF1F5E92C600FDDDFA = {
						CreatedOnToolsVersion = 8.3.3;
						DevelopmentTeam = U9LK3N6HXZ;
						LastSwiftMigration = 1000;
						ProvisioningStyle = Automatic;
						SystemCapabilities = {
							com.apple.BackgroundModes = {
								enabled = 0;
							};
						};
					};
					F1E78EE31F5E92C600FDDDFA = {
						CreatedOnToolsVersion = 8.3.3;
						LastSwiftMigration = 1000;
						ProvisioningStyle = Automatic;
						TestTargetID = F1E78ECF1F5E92C600FDDDFA;
					};
				};
			};
			buildConfigurationList = F1E78ECB1F5E92C600FDDDFA /* Build configuration list for PBXProject "Weekview" */;
			compatibilityVersion = "Xcode 3.2";
			developmentRegion = English;
			hasScannedForEncodings = 0;
			knownRegions = (
				en,
				Base,
			);
			mainGroup = F1E78EC71F5E92C600FDDDFA;
			productRefGroup = F1E78ED11F5E92C600FDDDFA /* Products */;
			projectDirPath = "";
			projectRoot = "";
			targets = (
				F1E78ECF1F5E92C600FDDDFA /* Weekview */,
				F1E78EE31F5E92C600FDDDFA /* WeekviewTests */,
			);
		};
/* End PBXProject section */

/* Begin PBXResourcesBuildPhase section */
		F1E78ECE1F5E92C600FDDDFA /* Resources */ = {
			isa = PBXResourcesBuildPhase;
			buildActionMask = 2147483647;
			files = (
				F197A3FB1FC2DD7100B316AD /* Main.storyboard in Resources */,
				F1E78EDE1F5E92C600FDDDFA /* LaunchScreen.storyboard in Resources */,
				F1E78EDB1F5E92C600FDDDFA /* Assets.xcassets in Resources */,
			);
			runOnlyForDeploymentPostprocessing = 0;
		};
		F1E78EE21F5E92C600FDDDFA /* Resources */ = {
			isa = PBXResourcesBuildPhase;
			buildActionMask = 2147483647;
			files = (
			);
			runOnlyForDeploymentPostprocessing = 0;
		};
/* End PBXResourcesBuildPhase section */

/* Begin PBXShellScriptBuildPhase section */
		5F89AF41E892469E06C7519E /* [CP] Embed Pods Frameworks */ = {
			isa = PBXShellScriptBuildPhase;
			buildActionMask = 2147483647;
			files = (
			);
			inputPaths = (
				"${SRCROOT}/Pods/Target Support Files/Pods-Weekview/Pods-Weekview-frameworks.sh",
				"${BUILT_PRODUCTS_DIR}/JTAppleCalendar/JTAppleCalendar.framework",
			);
			name = "[CP] Embed Pods Frameworks";
			outputPaths = (
				"${TARGET_BUILD_DIR}/${FRAMEWORKS_FOLDER_PATH}/JTAppleCalendar.framework",
			);
			runOnlyForDeploymentPostprocessing = 0;
			shellPath = /bin/sh;
			shellScript = "\"${SRCROOT}/Pods/Target Support Files/Pods-Weekview/Pods-Weekview-frameworks.sh\"\n";
			showEnvVarsInLog = 0;
		};
		67DADB7466B1F1D61F9CB1AF /* [CP] Copy Pods Resources */ = {
			isa = PBXShellScriptBuildPhase;
			buildActionMask = 2147483647;
			files = (
			);
			inputPaths = (
				"${SRCROOT}/Pods/Target Support Files/Pods-Weekview/Pods-Weekview-resources.sh",
				"${PODS_CONFIGURATION_BUILD_DIR}/AppCenter/AppCenterDistributeResources.bundle",
				"${PODS_ROOT}/GoogleMaps/Maps/Frameworks/GoogleMaps.framework/Resources/GoogleMaps.bundle",
				"${PODS_ROOT}/GooglePlacePicker/Frameworks/GooglePlacePicker.framework/Resources/GooglePlacePicker.bundle",
				"${PODS_ROOT}/GooglePlaces/Frameworks/GooglePlaces.framework/Resources/GooglePlaces.bundle",
			);
			name = "[CP] Copy Pods Resources";
			outputPaths = (
				"${TARGET_BUILD_DIR}/${UNLOCALIZED_RESOURCES_FOLDER_PATH}/AppCenterDistributeResources.bundle",
				"${TARGET_BUILD_DIR}/${UNLOCALIZED_RESOURCES_FOLDER_PATH}/GoogleMaps.bundle",
				"${TARGET_BUILD_DIR}/${UNLOCALIZED_RESOURCES_FOLDER_PATH}/GooglePlacePicker.bundle",
				"${TARGET_BUILD_DIR}/${UNLOCALIZED_RESOURCES_FOLDER_PATH}/GooglePlaces.bundle",
			);
			runOnlyForDeploymentPostprocessing = 0;
			shellPath = /bin/sh;
			shellScript = "\"${SRCROOT}/Pods/Target Support Files/Pods-Weekview/Pods-Weekview-resources.sh\"\n";
			showEnvVarsInLog = 0;
		};
		9A167BEF5C3FC3355044F74A /* [CP] Check Pods Manifest.lock */ = {
			isa = PBXShellScriptBuildPhase;
			buildActionMask = 2147483647;
			files = (
			);
			inputPaths = (
				"${PODS_PODFILE_DIR_PATH}/Podfile.lock",
				"${PODS_ROOT}/Manifest.lock",
			);
			name = "[CP] Check Pods Manifest.lock";
			outputPaths = (
				"$(DERIVED_FILE_DIR)/Pods-WeekviewTests-checkManifestLockResult.txt",
			);
			runOnlyForDeploymentPostprocessing = 0;
			shellPath = /bin/sh;
			shellScript = "diff \"${PODS_PODFILE_DIR_PATH}/Podfile.lock\" \"${PODS_ROOT}/Manifest.lock\" > /dev/null\nif [ $? != 0 ] ; then\n    # print error to STDERR\n    echo \"error: The sandbox is not in sync with the Podfile.lock. Run 'pod install' or update your CocoaPods installation.\" >&2\n    exit 1\nfi\n# This output is used by Xcode 'outputs' to avoid re-running this script phase.\necho \"SUCCESS\" > \"${SCRIPT_OUTPUT_FILE_0}\"\n";
			showEnvVarsInLog = 0;
		};
		CC67A909470E2622609FA5BD /* [CP] Check Pods Manifest.lock */ = {
			isa = PBXShellScriptBuildPhase;
			buildActionMask = 2147483647;
			files = (
			);
			inputPaths = (
				"${PODS_PODFILE_DIR_PATH}/Podfile.lock",
				"${PODS_ROOT}/Manifest.lock",
			);
			name = "[CP] Check Pods Manifest.lock";
			outputPaths = (
				"$(DERIVED_FILE_DIR)/Pods-Weekview-checkManifestLockResult.txt",
			);
			runOnlyForDeploymentPostprocessing = 0;
			shellPath = /bin/sh;
			shellScript = "diff \"${PODS_PODFILE_DIR_PATH}/Podfile.lock\" \"${PODS_ROOT}/Manifest.lock\" > /dev/null\nif [ $? != 0 ] ; then\n    # print error to STDERR\n    echo \"error: The sandbox is not in sync with the Podfile.lock. Run 'pod install' or update your CocoaPods installation.\" >&2\n    exit 1\nfi\n# This output is used by Xcode 'outputs' to avoid re-running this script phase.\necho \"SUCCESS\" > \"${SCRIPT_OUTPUT_FILE_0}\"\n";
			showEnvVarsInLog = 0;
		};
		F1B1AC961FECF92F007B1E46 /* ShellScript */ = {
			isa = PBXShellScriptBuildPhase;
			buildActionMask = 2147483647;
			files = (
			);
			inputPaths = (
			);
			outputPaths = (
			);
			runOnlyForDeploymentPostprocessing = 0;
			shellPath = /bin/sh;
			shellScript = "\n";
		};
/* End PBXShellScriptBuildPhase section */

/* Begin PBXSourcesBuildPhase section */
		F1E78ECC1F5E92C600FDDDFA /* Sources */ = {
			isa = PBXSourcesBuildPhase;
			buildActionMask = 2147483647;
			files = (
				AA49A3D2217E2F7400443BEF /* SettingTableViewController.swift in Sources */,
				AACC54AF21A81BDE001761F1 /* MoveDateDelegate.swift in Sources */,
				F17BAFD71F987DBB00B6E612 /* RemindCollectionCell.swift in Sources */,
				AA5620A3217F3BF700928897 /* ShowNoticePopUp.swift in Sources */,
				F1EA38AB1F6801A3002A38B2 /* Reminder.swift in Sources */,
				AA0E900D219320FF00E00D97 /* HomeViewController.swift in Sources */,
				AACC54AD21A81BB7001761F1 /* ScrollingDelegate.swift in Sources */,
				AA52A39821A71F66005220CD /* MoveDatePopUp.swift in Sources */,
				AACC54B221A82624001761F1 /* UIViewExtension.swift in Sources */,
				F14801AF1FEBED4B008E7C2D /* ScrollingCell.swift in Sources */,
				AAB8A6D92189D726003F0F3F /* ColorModeSetViewController.swift in Sources */,
				F1A700701FC46921008A961D /* Location.swift in Sources */,
				AA7936F9219037A300AB105F /* DateHelper.swift in Sources */,
				AABFF6972188718600B7A3EA /* Colors.swift in Sources */,
				F1E78ED41F5E92C600FDDDFA /* AppDelegate.swift in Sources */,
				F12806651FBD9AB40036780E /* LocationViewController.swift in Sources */,
				AABC3F7B21AD8EC600354F20 /* nLocation.swift in Sources */,
				AA9C7D94217F56E2006F87A6 /* EditTableViewController.swift in Sources */,
				AA5620A1217F229000928897 /* DetailTableViewController.swift in Sources */,
				F138F2671FCC3E72009BF613 /* NotificationController.swift in Sources */,
				AAB8A6DC2189E620003F0F3F /* ReminderManager.swift in Sources */,
				AACC54AB21A81B81001761F1 /* LocationViewControllerDelegate.swift in Sources */,
				F12806631FBD99180036780E /* LocationManager.swift in Sources */,
				AACC54B421A82644001761F1 /* UIColorExtension.swift in Sources */,
				AA761157219EF3A800864930 /* SearchTableViewController.swift in Sources */,
				AA56272C21B9C71B00CA8B66 /* WVNotificationHelper.swift in Sources */,
				F13DB21C1FB0AC4800E3DFAE /* PriorityHelper.swift in Sources */,
				AABFF691218847EE00B7A3EA /* MapModeSetTableViewController.swift in Sources */,
				F123B07E1FDA956F008C29B1 /* ShowLocationPopUp.swift in Sources */,
				AAB53BA4218315F800A881A6 /* MapViewController.swift in Sources */,
				F128065F1FBD870B0036780E /* HelpWebViewController.swift in Sources */,
				AA56272A21B9A91B00CA8B66 /* DateExtension.swift in Sources */,
				AABC3F7921AD7E2500354F20 /* AuthorizationManager.swift in Sources */,
				AA9AFEF521F090EF005F7961 /* ExtendableToolbar.swift in Sources */,
				F1421BAC1F692FC40072DA31 /* ReminderTableViewCell.swift in Sources */,
				AA76115B219EF95000864930 /* SearchManager.swift in Sources */,
				AACC54B621A82668001761F1 /* StringExtension.swift in Sources */,
				F19C0C5E1FE005A500A46F33 /* ScrollingPopUp.swift in Sources */,
				F1733B471FBAEC33009B5243 /* Settings.swift in Sources */,
				AAB4F4E321F75AEE00A3D994 /* sampleReminders.swift in Sources */,
				AACC54A721A81963001761F1 /* RViewControllerProtocol.swift in Sources */,
			);
			runOnlyForDeploymentPostprocessing = 0;
		};
		F1E78EE01F5E92C600FDDDFA /* Sources */ = {
			isa = PBXSourcesBuildPhase;
			buildActionMask = 2147483647;
			files = (
				F1E78EE91F5E92C600FDDDFA /* WeekviewTests.swift in Sources */,
			);
			runOnlyForDeploymentPostprocessing = 0;
		};
/* End PBXSourcesBuildPhase section */

/* Begin PBXTargetDependency section */
		F1E78EE61F5E92C600FDDDFA /* PBXTargetDependency */ = {
			isa = PBXTargetDependency;
			target = F1E78ECF1F5E92C600FDDDFA /* Weekview */;
			targetProxy = F1E78EE51F5E92C600FDDDFA /* PBXContainerItemProxy */;
		};
/* End PBXTargetDependency section */

/* Begin PBXVariantGroup section */
		F1E78EDC1F5E92C600FDDDFA /* LaunchScreen.storyboard */ = {
			isa = PBXVariantGroup;
			children = (
				F1E78EDD1F5E92C600FDDDFA /* Base */,
			);
			name = LaunchScreen.storyboard;
			sourceTree = "<group>";
		};
/* End PBXVariantGroup section */

/* Begin XCBuildConfiguration section */
		F1E78EEB1F5E92C600FDDDFA /* Debug */ = {
			isa = XCBuildConfiguration;
			buildSettings = {
				ALWAYS_SEARCH_USER_PATHS = NO;
				CLANG_ANALYZER_NONNULL = YES;
				CLANG_ANALYZER_NUMBER_OBJECT_CONVERSION = YES_AGGRESSIVE;
				CLANG_CXX_LANGUAGE_STANDARD = "gnu++0x";
				CLANG_CXX_LIBRARY = "libc++";
				CLANG_ENABLE_MODULES = YES;
				CLANG_ENABLE_OBJC_ARC = YES;
				CLANG_WARN_BLOCK_CAPTURE_AUTORELEASING = YES;
				CLANG_WARN_BOOL_CONVERSION = YES;
				CLANG_WARN_COMMA = YES;
				CLANG_WARN_CONSTANT_CONVERSION = YES;
				CLANG_WARN_DEPRECATED_OBJC_IMPLEMENTATIONS = YES;
				CLANG_WARN_DIRECT_OBJC_ISA_USAGE = YES_ERROR;
				CLANG_WARN_DOCUMENTATION_COMMENTS = YES;
				CLANG_WARN_EMPTY_BODY = YES;
				CLANG_WARN_ENUM_CONVERSION = YES;
				CLANG_WARN_INFINITE_RECURSION = YES;
				CLANG_WARN_INT_CONVERSION = YES;
				CLANG_WARN_NON_LITERAL_NULL_CONVERSION = YES;
				CLANG_WARN_OBJC_IMPLICIT_RETAIN_SELF = YES;
				CLANG_WARN_OBJC_LITERAL_CONVERSION = YES;
				CLANG_WARN_OBJC_ROOT_CLASS = YES_ERROR;
				CLANG_WARN_RANGE_LOOP_ANALYSIS = YES;
				CLANG_WARN_STRICT_PROTOTYPES = YES;
				CLANG_WARN_SUSPICIOUS_MOVE = YES;
				CLANG_WARN_UNREACHABLE_CODE = YES;
				CLANG_WARN__DUPLICATE_METHOD_MATCH = YES;
				"CODE_SIGN_IDENTITY[sdk=iphoneos*]" = "iPhone Developer";
				COPY_PHASE_STRIP = NO;
				DEBUG_INFORMATION_FORMAT = dwarf;
				ENABLE_STRICT_OBJC_MSGSEND = YES;
				ENABLE_TESTABILITY = YES;
				GCC_C_LANGUAGE_STANDARD = gnu99;
				GCC_DYNAMIC_NO_PIC = NO;
				GCC_NO_COMMON_BLOCKS = YES;
				GCC_OPTIMIZATION_LEVEL = 0;
				GCC_PREPROCESSOR_DEFINITIONS = (
					"DEBUG=1",
					"$(inherited)",
				);
				GCC_WARN_64_TO_32_BIT_CONVERSION = YES;
				GCC_WARN_ABOUT_RETURN_TYPE = YES_ERROR;
				GCC_WARN_UNDECLARED_SELECTOR = YES;
				GCC_WARN_UNINITIALIZED_AUTOS = YES_AGGRESSIVE;
				GCC_WARN_UNUSED_FUNCTION = YES;
				GCC_WARN_UNUSED_VARIABLE = YES;
				IPHONEOS_DEPLOYMENT_TARGET = 10.3;
				MTL_ENABLE_DEBUG_INFO = YES;
				ONLY_ACTIVE_ARCH = YES;
				SDKROOT = iphoneos;
				SWIFT_ACTIVE_COMPILATION_CONDITIONS = DEBUG;
				SWIFT_OPTIMIZATION_LEVEL = "-Onone";
				TARGETED_DEVICE_FAMILY = "1,2";
			};
			name = Debug;
		};
		F1E78EEC1F5E92C600FDDDFA /* Release */ = {
			isa = XCBuildConfiguration;
			buildSettings = {
				ALWAYS_SEARCH_USER_PATHS = NO;
				CLANG_ANALYZER_NONNULL = YES;
				CLANG_ANALYZER_NUMBER_OBJECT_CONVERSION = YES_AGGRESSIVE;
				CLANG_CXX_LANGUAGE_STANDARD = "gnu++0x";
				CLANG_CXX_LIBRARY = "libc++";
				CLANG_ENABLE_MODULES = YES;
				CLANG_ENABLE_OBJC_ARC = YES;
				CLANG_WARN_BLOCK_CAPTURE_AUTORELEASING = YES;
				CLANG_WARN_BOOL_CONVERSION = YES;
				CLANG_WARN_COMMA = YES;
				CLANG_WARN_CONSTANT_CONVERSION = YES;
				CLANG_WARN_DEPRECATED_OBJC_IMPLEMENTATIONS = YES;
				CLANG_WARN_DIRECT_OBJC_ISA_USAGE = YES_ERROR;
				CLANG_WARN_DOCUMENTATION_COMMENTS = YES;
				CLANG_WARN_EMPTY_BODY = YES;
				CLANG_WARN_ENUM_CONVERSION = YES;
				CLANG_WARN_INFINITE_RECURSION = YES;
				CLANG_WARN_INT_CONVERSION = YES;
				CLANG_WARN_NON_LITERAL_NULL_CONVERSION = YES;
				CLANG_WARN_OBJC_IMPLICIT_RETAIN_SELF = YES;
				CLANG_WARN_OBJC_LITERAL_CONVERSION = YES;
				CLANG_WARN_OBJC_ROOT_CLASS = YES_ERROR;
				CLANG_WARN_RANGE_LOOP_ANALYSIS = YES;
				CLANG_WARN_STRICT_PROTOTYPES = YES;
				CLANG_WARN_SUSPICIOUS_MOVE = YES;
				CLANG_WARN_UNREACHABLE_CODE = YES;
				CLANG_WARN__DUPLICATE_METHOD_MATCH = YES;
				"CODE_SIGN_IDENTITY[sdk=iphoneos*]" = "iPhone Developer";
				COPY_PHASE_STRIP = NO;
				DEBUG_INFORMATION_FORMAT = "dwarf-with-dsym";
				ENABLE_NS_ASSERTIONS = NO;
				ENABLE_STRICT_OBJC_MSGSEND = YES;
				GCC_C_LANGUAGE_STANDARD = gnu99;
				GCC_NO_COMMON_BLOCKS = YES;
				GCC_WARN_64_TO_32_BIT_CONVERSION = YES;
				GCC_WARN_ABOUT_RETURN_TYPE = YES_ERROR;
				GCC_WARN_UNDECLARED_SELECTOR = YES;
				GCC_WARN_UNINITIALIZED_AUTOS = YES_AGGRESSIVE;
				GCC_WARN_UNUSED_FUNCTION = YES;
				GCC_WARN_UNUSED_VARIABLE = YES;
				IPHONEOS_DEPLOYMENT_TARGET = 10.3;
				MTL_ENABLE_DEBUG_INFO = NO;
				SDKROOT = iphoneos;
				SWIFT_OPTIMIZATION_LEVEL = "-Owholemodule";
				TARGETED_DEVICE_FAMILY = "1,2";
				VALIDATE_PRODUCT = YES;
			};
			name = Release;
		};
		F1E78EEE1F5E92C600FDDDFA /* Debug */ = {
			isa = XCBuildConfiguration;
			baseConfigurationReference = 030484608EAFF1F7940C8131 /* Pods-Weekview.debug.xcconfig */;
			buildSettings = {
				ALWAYS_EMBED_SWIFT_STANDARD_LIBRARIES = YES;
				ASSETCATALOG_COMPILER_APPICON_NAME = AppIcon;
				ASSETCATALOG_COMPILER_LAUNCHIMAGE_NAME = LaunchImage;
				CODE_SIGN_IDENTITY = "iPhone Developer";
				"CODE_SIGN_IDENTITY[sdk=iphoneos*]" = "iPhone Developer";
				CODE_SIGN_STYLE = Automatic;
				DEBUG_INFORMATION_FORMAT = "dwarf-with-dsym";
				DEVELOPMENT_TEAM = U9LK3N6HXZ;
				INFOPLIST_FILE = Weekview/Info.plist;
				LD_RUNPATH_SEARCH_PATHS = "$(inherited) @executable_path/Frameworks";
				PRODUCT_BUNDLE_IDENTIFIER = com.kaufland.Weekview;
				PRODUCT_NAME = "$(TARGET_NAME)";
				PROVISIONING_PROFILE = "";
				PROVISIONING_PROFILE_SPECIFIER = "";
				SWIFT_VERSION = 4.2;
				TARGETED_DEVICE_FAMILY = "1,2";
			};
			name = Debug;
		};
		F1E78EEF1F5E92C600FDDDFA /* Release */ = {
			isa = XCBuildConfiguration;
			baseConfigurationReference = 390D1A4196EA784C0C9425A4 /* Pods-Weekview.release.xcconfig */;
			buildSettings = {
				ALWAYS_EMBED_SWIFT_STANDARD_LIBRARIES = YES;
				ASSETCATALOG_COMPILER_APPICON_NAME = AppIcon;
				ASSETCATALOG_COMPILER_LAUNCHIMAGE_NAME = LaunchImage;
				CODE_SIGN_IDENTITY = "iPhone Developer";
				"CODE_SIGN_IDENTITY[sdk=iphoneos*]" = "iPhone Developer";
				CODE_SIGN_STYLE = Automatic;
				DEBUG_INFORMATION_FORMAT = "dwarf-with-dsym";
				DEVELOPMENT_TEAM = U9LK3N6HXZ;
				INFOPLIST_FILE = Weekview/Info.plist;
				LD_RUNPATH_SEARCH_PATHS = "$(inherited) @executable_path/Frameworks";
				PRODUCT_BUNDLE_IDENTIFIER = com.kaufland.Weekview;
				PRODUCT_NAME = "$(TARGET_NAME)";
				PROVISIONING_PROFILE = "";
				PROVISIONING_PROFILE_SPECIFIER = "";
				SWIFT_VERSION = 4.2;
				TARGETED_DEVICE_FAMILY = "1,2";
			};
			name = Release;
		};
		F1E78EF11F5E92C600FDDDFA /* Debug */ = {
			isa = XCBuildConfiguration;
			baseConfigurationReference = 4AABB0A2C21E89C07741F0D4 /* Pods-WeekviewTests.debug.xcconfig */;
			buildSettings = {
				ALWAYS_EMBED_SWIFT_STANDARD_LIBRARIES = YES;
				BUNDLE_LOADER = "$(TEST_HOST)";
				INFOPLIST_FILE = WeekviewTests/Info.plist;
				LD_RUNPATH_SEARCH_PATHS = "$(inherited) @executable_path/Frameworks @loader_path/Frameworks";
				PRODUCT_BUNDLE_IDENTIFIER = "Kaufland-K4K.WeekviewTests";
				PRODUCT_NAME = "$(TARGET_NAME)";
				SWIFT_VERSION = 4.2;
				TEST_HOST = "$(BUILT_PRODUCTS_DIR)/Weekview.app/Weekview";
			};
			name = Debug;
		};
		F1E78EF21F5E92C600FDDDFA /* Release */ = {
			isa = XCBuildConfiguration;
			baseConfigurationReference = 3D4BC2E595B7BAA26305B5C4 /* Pods-WeekviewTests.release.xcconfig */;
			buildSettings = {
				ALWAYS_EMBED_SWIFT_STANDARD_LIBRARIES = YES;
				BUNDLE_LOADER = "$(TEST_HOST)";
				INFOPLIST_FILE = WeekviewTests/Info.plist;
				LD_RUNPATH_SEARCH_PATHS = "$(inherited) @executable_path/Frameworks @loader_path/Frameworks";
				PRODUCT_BUNDLE_IDENTIFIER = "Kaufland-K4K.WeekviewTests";
				PRODUCT_NAME = "$(TARGET_NAME)";
				SWIFT_VERSION = 4.2;
				TEST_HOST = "$(BUILT_PRODUCTS_DIR)/Weekview.app/Weekview";
			};
			name = Release;
		};
/* End XCBuildConfiguration section */

/* Begin XCConfigurationList section */
		F1E78ECB1F5E92C600FDDDFA /* Build configuration list for PBXProject "Weekview" */ = {
			isa = XCConfigurationList;
			buildConfigurations = (
				F1E78EEB1F5E92C600FDDDFA /* Debug */,
				F1E78EEC1F5E92C600FDDDFA /* Release */,
			);
			defaultConfigurationIsVisible = 0;
			defaultConfigurationName = Release;
		};
		F1E78EED1F5E92C600FDDDFA /* Build configuration list for PBXNativeTarget "Weekview" */ = {
			isa = XCConfigurationList;
			buildConfigurations = (
				F1E78EEE1F5E92C600FDDDFA /* Debug */,
				F1E78EEF1F5E92C600FDDDFA /* Release */,
			);
			defaultConfigurationIsVisible = 0;
			defaultConfigurationName = Release;
		};
		F1E78EF01F5E92C600FDDDFA /* Build configuration list for PBXNativeTarget "WeekviewTests" */ = {
			isa = XCConfigurationList;
			buildConfigurations = (
				F1E78EF11F5E92C600FDDDFA /* Debug */,
				F1E78EF21F5E92C600FDDDFA /* Release */,
			);
			defaultConfigurationIsVisible = 0;
			defaultConfigurationName = Release;
		};
/* End XCConfigurationList section */
	};
	rootObject = F1E78EC81F5E92C600FDDDFA /* Project object */;
}
